
Microsoft Visual Studio Solution File, Format Version 12.00
# Visual Studio Version 16
VisualStudioVersion = 16.0.30114.105
MinimumVisualStudioVersion = 10.0.40219.1
Project("{FAE04EC0-301F-11D3-BF4B-00C04F79EFBC}") = "FibonacciPrinter", "FibonacciPrinter.csproj", "{07DD7004-8945-4842-AA76-A50069D3DF32}"
EndProject
Global
	GlobalSection(SolutionConfigurationPlatforms) = preSolution
		Debug|Any CPU = Debug|Any CPU
		Release|Any CPU = Release|Any CPU
	EndGlobalSection
	GlobalSection(ProjectConfigurationPlatforms) = postSolution
		{07DD7004-8945-4842-AA76-A50069D3DF32}.Debug|Any CPU.ActiveCfg = Debug|Any CPU
		{07DD7004-8945-4842-AA76-A50069D3DF32}.Debug|Any CPU.Build.0 = Debug|Any CPU
		{07DD7004-8945-4842-AA76-A50069D3DF32}.Release|Any CPU.ActiveCfg = Release|Any CPU
		{07DD7004-8945-4842-AA76-A50069D3DF32}.Release|Any CPU.Build.0 = Release|Any CPU
	EndGlobalSection
	GlobalSection(SolutionProperties) = preSolution
		HideSolutionNode = FALSE
	EndGlobalSection
	GlobalSection(ExtensibilityGlobals) = postSolution
		SolutionGuid = {495F8CCD-D0AC-4F72-8B07-F72704063273}
	EndGlobalSection
EndGlobal
